[[package]]
category = "main"
description = "A pluggable API specification generator. Currently supports the OpenAPI Specification (f.k.a. the Swagger specification)."
name = "apispec"
optional = false
python-versions = "*"
version = "1.1.0"

[[package]]
category = "dev"
description = "Command Arguments for Humans."
name = "args"
optional = false
python-versions = "*"
version = "0.1.0"

[[package]]
category = "dev"
description = "An abstract syntax tree for Python with inference support."
name = "astroid"
optional = false
python-versions = ">=3.4.*"
version = "2.0.4"

[package.dependencies]
lazy-object-proxy = "*"
six = "*"
wrapt = "*"

[[package]]
category = "dev"
description = "A tool that automatically formats Python code to conform to the PEP 8 style guide"
name = "autopep8"
optional = false
python-versions = "*"
version = "1.4.3"

[package.dependencies]
pycodestyle = ">=2.4.0"

[[package]]
category = "main"
description = "Modern password hashing for your software and your servers"
name = "bcrypt"
optional = false
python-versions = ">=2.7, !=3.0.*, !=3.1.*, !=3.2.*, !=3.3.*"
version = "3.1.6"

[package.dependencies]
cffi = ">=1.1"
six = ">=1.4.1"

[[package]]
category = "main"
description = "Extensible memoizing collections and decorators"
name = "cachetools"
optional = false
python-versions = "*"
version = "3.1.0"

[[package]]
category = "main"
description = "Python package for providing Mozilla's CA Bundle."
name = "certifi"
optional = false
python-versions = "*"
version = "2019.3.9"

[[package]]
category = "main"
description = "Foreign Function Interface for Python calling C code."
name = "cffi"
optional = false
python-versions = "*"
version = "1.12.2"

[package.dependencies]
pycparser = "*"

[[package]]
category = "main"
description = "Universal encoding detector for Python 2 and 3"
name = "chardet"
optional = false
python-versions = "*"
version = "3.0.4"

[[package]]
category = "main"
description = "Composable command line interface toolkit"
name = "click"
optional = false
python-versions = ">=2.7, !=3.0.*, !=3.1.*, !=3.2.*, !=3.3.*"
version = "7.0"

[[package]]
category = "dev"
description = "Python Command Line Interface Tools"
name = "clint"
optional = false
python-versions = "*"
version = "0.5.1"

[package.dependencies]
args = "*"

[[package]]
category = "dev"
description = "Cross-platform colored terminal text."
marker = "sys_platform == \"win32\""
name = "colorama"
optional = false
python-versions = ">=2.7, !=3.0.*, !=3.1.*, !=3.2.*, !=3.3.*"
version = "0.4.1"

[[package]]
category = "dev"
description = "Code coverage measurement for Python"
name = "coverage"
optional = false
python-versions = "*"
version = "4.0.3"

[[package]]
category = "main"
description = "DNS toolkit"
name = "dnspython"
optional = false
python-versions = ">=2.7, !=3.0.*, !=3.1.*, !=3.2.*, !=3.3.*"
version = "1.16.0"

[[package]]
category = "dev"
description = "Dodgy: Searches for dodgy looking lines in Python code"
name = "dodgy"
optional = false
python-versions = "*"
version = "0.1.9"

[[package]]
category = "dev"
description = "Python test doubles"
name = "doublex"
optional = false
python-versions = "*"
version = "1.9.1"

[package.dependencies]
PyHamcrest = "*"
six = "*"

[[package]]
category = "dev"
description = "Expects matchers for Doublex test doubles assertions"
name = "doublex-expects"
optional = false
python-versions = "*"
version = "0.7.0"

[package.dependencies]
doublex = "*"
expects = ">=0.8.0rc1"

[[package]]
category = "main"
description = "Python client for Elasticsearch"
name = "elasticsearch"
optional = false
python-versions = "*"
version = "6.3.1"

[package.dependencies]
urllib3 = ">=1.21.1"

[[package]]
category = "main"
description = "Highly concurrent networking library"
name = "eventlet"
optional = false
python-versions = "*"
version = "0.24.1"

[package.dependencies]
dnspython = ">=1.15.0"
greenlet = ">=0.3"
monotonic = ">=1.4"
six = ">=1.10.0"

[[package]]
category = "dev"
description = "Expressive and extensible TDD/BDD assertion library for Python"
name = "expects"
optional = false
python-versions = "*"
version = "0.9.0"

[[package]]
category = "main"
description = "A simple framework for building complex web applications."
name = "flask"
optional = false
python-versions = "*"
version = "1.0.2"

[package.dependencies]
Jinja2 = ">=2.10"
Werkzeug = ">=0.14"
click = ">=5.1"
itsdangerous = ">=0.24"

[[package]]
category = "main"
description = "Build and document REST APIs with Flask and apispec"
name = "flask-apispec"
optional = false
python-versions = "*"
version = "0.8.0"

[package.dependencies]
apispec = ">=1.0.0"
flask = ">=0.10.1"
marshmallow = ">=2.0.0"
six = ">=1.9.0"
webargs = ">=0.18.0"

[[package]]
category = "main"
description = "Brcrypt hashing for Flask."
name = "flask-bcrypt"
optional = false
python-versions = "*"
version = "0.7.1"

[package.dependencies]
Flask = "*"
bcrypt = "*"

[[package]]
category = "main"
description = "A Flask extension adding a decorator for CORS support"
name = "flask-cors"
optional = false
python-versions = "*"
version = "3.0.7"

[package.dependencies]
Flask = ">=0.9"
Six = "*"

[[package]]
category = "main"
description = "Extended JWT integration with Flask"
name = "flask-jwt-extended"
optional = false
python-versions = "*"
version = "3.18.0"

[package.dependencies]
Flask = "*"
PyJWT = "*"
Werkzeug = ">=0.14"
six = "*"

[[package]]
category = "main"
description = "Socket.IO integration for Flask applications"
name = "flask-socketio"
optional = false
python-versions = "*"
version = "3.3.2"

[package.dependencies]
Flask = ">=0.9"
python-socketio = ">=2.1.0,<4"

[[package]]
category = "main"
description = "Google Authentication Library"
name = "google-auth"
optional = false
python-versions = ">=2.7,!=3.0.*,!=3.1.*,!=3.2.*,!=3.3.*"
version = "1.6.3"

[package.dependencies]
cachetools = ">=2.0.0"
pyasn1-modules = ">=0.2.1"
rsa = ">=3.1.4"
six = ">=1.9.0"

[[package]]
category = "main"
description = "Google Authentication Library: httplib2 transport"
name = "google-auth-httplib2"
optional = false
python-versions = "*"
version = "0.0.3"

[package.dependencies]
google-auth = "*"
httplib2 = ">=0.9.1"

[[package]]
category = "main"
description = "Google Authentication Library"
name = "google-auth-oauthlib"
optional = false
python-versions = "*"
version = "0.2.0"

[package.dependencies]
google-auth = "*"
requests-oauthlib = ">=0.7.0"

[[package]]
category = "main"
description = "Lightweight in-process concurrent programming"
name = "greenlet"
optional = false
python-versions = "*"
version = "0.4.15"

[[package]]
category = "main"
description = "WSGI HTTP Server for UNIX"
name = "gunicorn"
optional = false
python-versions = ">=2.6, !=3.0.*, !=3.1.*"
version = "19.9.0"

[[package]]
category = "main"
description = "A comprehensive HTTP client library."
name = "httplib2"
optional = false
python-versions = "*"
version = "0.12.1"

[[package]]
category = "main"
description = "Internationalized Domain Names in Applications (IDNA)"
name = "idna"
optional = false
python-versions = ">=2.7, !=3.0.*, !=3.1.*, !=3.2.*, !=3.3.*"
version = "2.8"

[[package]]
category = "dev"
description = "A Python utility / library to sort Python imports."
name = "isort"
optional = false
python-versions = ">=2.7, !=3.0.*, !=3.1.*, !=3.2.*, !=3.3.*"
version = "4.3.15"

[[package]]
category = "main"
description = "Various helpers to pass data to untrusted environments and back."
name = "itsdangerous"
optional = false
python-versions = ">=2.7, !=3.0.*, !=3.1.*, !=3.2.*, !=3.3.*"
version = "1.1.0"

[[package]]
category = "main"
description = "A small but fast and easy to use stand-alone template engine written in pure python."
name = "jinja2"
optional = false
python-versions = "*"
version = "2.10"

[package.dependencies]
MarkupSafe = ">=0.23"

[[package]]
category = "dev"
description = "A fast and thorough lazy object proxy."
name = "lazy-object-proxy"
optional = false
python-versions = "*"
version = "1.3.1"

[[package]]
category = "dev"
description = "The definitive testing tool for Python. Born under the banner of Behavior Driven Development."
name = "mamba"
optional = false
python-versions = "*"
version = "0.10"

[package.dependencies]
clint = "*"
coverage = "*"

[[package]]
category = "main"
description = "Safely add untrusted strings to HTML/XML markup."
name = "markupsafe"
optional = false
python-versions = ">=2.7,!=3.0.*,!=3.1.*,!=3.2.*,!=3.3.*"
version = "1.1.1"

[[package]]
category = "main"
description = "A lightweight library for converting complex datatypes to and from native Python datatypes."
name = "marshmallow"
optional = false
python-versions = "*"
version = "2.19.1"

[[package]]
category = "dev"
description = "McCabe checker, plugin for flake8"
name = "mccabe"
optional = false
python-versions = "*"
version = "0.6.1"

[[package]]
category = "main"
description = "An implementation of time.monotonic() for Python 2 & < 3.3"
name = "monotonic"
optional = false
python-versions = "*"
version = "1.5"

[[package]]
category = "main"
description = "Neo4j Bolt driver for Python"
name = "neo4j-driver"
optional = false
python-versions = "*"
version = "1.6.3"

[package.dependencies]
neotime = ">=1.7.1,<1.8"

[[package]]
category = "main"
description = "An object mapper for the neo4j graph database."
name = "neomodel"
optional = false
python-versions = "*"
version = "3.2.9"

[package.dependencies]
neo4j-driver = ">=1.5.2,<1.7.0"
pytz = ">=2016.10"

[[package]]
category = "main"
description = "Nanosecond resolution temporal types"
name = "neotime"
optional = false
python-versions = "*"
version = "1.7.4"

[package.dependencies]
pytz = "*"
six = "*"

[[package]]
category = "main"
description = "Natural Language Toolkit"
name = "nltk"
optional = false
python-versions = "*"
version = "3.4"

[package.dependencies]
singledispatch = "*"
six = "*"

[[package]]
category = "main"
description = "A generic, spec-compliant, thorough implementation of the OAuth request-signing logic"
name = "oauthlib"
optional = false
python-versions = ">=2.7, !=3.0.*, !=3.1.*, !=3.2.*, !=3.3.*"
version = "3.0.1"

[[package]]
category = "dev"
description = "Python style guide checker"
name = "pep8"
optional = false
python-versions = "*"
version = "1.7.1"

[[package]]
category = "dev"
description = "Check PEP-8 naming conventions, plugin for flake8"
name = "pep8-naming"
optional = false
python-versions = "*"
version = "0.4.1"

[[package]]
category = "dev"
description = "Prospector: python static analysis tool"
name = "prospector"
optional = false
python-versions = "*"
version = "1.1.6.2"

[package.dependencies]
astroid = "2.0.4"
dodgy = ">=0.1.9"
mccabe = ">=0.5.0"
pep8-naming = ">=0.3.3,<=0.4.1"
pycodestyle = ">=2.0.0,<=2.4.0"
pydocstyle = ">=2.0.0"
pyflakes = ">=0.8.1,<2.0.0"
pylint = "2.1.1"
pylint-celery = "0.3"
pylint-django = "2.0.2"
pylint-flask = "0.5"
pylint-plugin-utils = ">=0.2.6"
pyyaml = "*"
requirements-detector = ">=0.6"
setoptconf = ">=0.2.0"

[[package]]
category = "main"
description = "ASN.1 types and codecs"
name = "pyasn1"
optional = false
python-versions = "*"
version = "0.4.5"

[[package]]
category = "main"
description = "A collection of ASN.1-based protocols modules."
name = "pyasn1-modules"
optional = false
python-versions = "*"
version = "0.2.4"

[package.dependencies]
pyasn1 = ">=0.4.1,<0.5.0"

[[package]]
category = "dev"
description = "Python style guide checker"
name = "pycodestyle"
optional = false
python-versions = "*"
version = "2.4.0"

[[package]]
category = "main"
description = "C parser in Python"
name = "pycparser"
optional = false
python-versions = "*"
version = "2.19"

[[package]]
category = "dev"
description = "Python docstring style checker"
name = "pydocstyle"
optional = false
python-versions = "*"
version = "3.0.0"

[package.dependencies]
six = "*"
snowballstemmer = "*"

[[package]]
category = "dev"
description = "passive checker of Python programs"
name = "pyflakes"
optional = false
python-versions = "*"
version = "1.6.0"

[[package]]
category = "dev"
description = "Hamcrest framework for matcher objects"
name = "pyhamcrest"
optional = false
python-versions = "*"
version = "1.9.0"

[package.dependencies]
setuptools = "*"
six = "*"

[[package]]
category = "main"
description = "JSON Web Token implementation in Python"
name = "pyjwt"
optional = false
python-versions = "*"
version = "1.7.1"

[[package]]
category = "dev"
description = "python code static checker"
name = "pylint"
optional = false
python-versions = ">=3.4.*"
version = "2.1.1"

[package.dependencies]
astroid = ">=2.0.0"
colorama = "*"
isort = ">=4.2.5"
mccabe = "*"

[[package]]
category = "dev"
description = "pylint-celery is a Pylint plugin to aid Pylint in recognising and understandingerrors caused when using the Celery library"
name = "pylint-celery"
optional = false
python-versions = "*"
version = "0.3"

[package.dependencies]
astroid = ">=1.0"
pylint = ">=1.0"
pylint-plugin-utils = ">=0.2.1"

[[package]]
category = "dev"
description = "A Pylint plugin to help Pylint understand the Django web framework"
name = "pylint-django"
optional = false
python-versions = "*"
version = "2.0.2"

[package.dependencies]
pylint = ">=2.0"
pylint-plugin-utils = ">=0.4"

[[package]]
category = "dev"
description = "pylint-flask is a Pylint plugin to aid Pylint in recognizing and understanding errors caused when using Flask"
name = "pylint-flask"
optional = false
python-versions = "*"
version = "0.5"

[package.dependencies]
pylint-plugin-utils = ">=0.2.1"

[[package]]
category = "dev"
description = "Utilities and helpers for writing Pylint plugins"
name = "pylint-plugin-utils"
optional = false
python-versions = "*"
version = "0.5"

[package.dependencies]
pylint = "*"

[[package]]
category = "dev"
description = "Python interface to coveralls.io API"
name = "python-coveralls"
optional = false
python-versions = "*"
version = "2.9.1"

[package.dependencies]
PyYAML = "*"
coverage = "4.0.3"
requests = "*"
six = "*"

[[package]]
category = "main"
description = "Add .env support to your django/flask apps in development and deployments"
name = "python-dotenv"
optional = false
python-versions = "*"
version = "0.10.1"

[[package]]
category = "main"
description = "Engine.IO server"
name = "python-engineio"
optional = false
python-versions = "*"
version = "3.5.0"

[package.dependencies]
six = ">=1.9.0"

[[package]]
category = "main"
description = "Socket.IO server"
name = "python-socketio"
optional = false
python-versions = "*"
version = "3.1.2"

[package.dependencies]
python-engineio = ">=3.2.0"
six = ">=1.9.0"

[[package]]
category = "main"
description = "World timezone definitions, modern and historical"
name = "pytz"
optional = false
python-versions = "*"
version = "2018.9"

[[package]]
category = "dev"
description = "YAML parser and emitter for Python"
name = "pyyaml"
optional = false
python-versions = "*"
version = "5.1"

[[package]]
category = "main"
description = "Python HTTP for Humans."
name = "requests"
optional = false
python-versions = ">=2.7, !=3.0.*, !=3.1.*, !=3.2.*, !=3.3.*"
version = "2.21.0"

[package.dependencies]
certifi = ">=2017.4.17"
chardet = ">=3.0.2,<3.1.0"
idna = ">=2.5,<2.9"
urllib3 = ">=1.21.1,<1.25"

[[package]]
category = "main"
description = "OAuthlib authentication support for Requests."
name = "requests-oauthlib"
optional = false
python-versions = ">=2.7, !=3.0.*, !=3.1.*, !=3.2.*, !=3.3.*"
version = "1.2.0"

[package.dependencies]
oauthlib = ">=3.0.0"
requests = ">=2.0.0"

[[package]]
category = "dev"
description = "Python tool to find and list requirements of a Python project"
name = "requirements-detector"
optional = false
python-versions = "*"
version = "0.6"

[package.dependencies]
astroid = ">=1.4"

[[package]]
category = "dev"
description = "a python refactoring library..."
name = "rope"
optional = false
python-versions = "*"
version = "0.12.0"

[[package]]
category = "main"
description = "Pure-Python RSA implementation"
name = "rsa"
optional = false
python-versions = "*"
version = "4.0"

[package.dependencies]
pyasn1 = ">=0.1.3"

[[package]]
category = "dev"
description = "A module for retrieving program settings from various sources in a consistant method."
name = "setoptconf"
optional = false
python-versions = "*"
version = "0.2.0"

[[package]]
category = "main"
description = "Not Rake, but Shovel"
name = "shovel"
optional = false
python-versions = "*"
version = "0.4.0"

[[package]]
category = "main"
description = "This library brings functools.singledispatch from Python 3.4 to Python 2.6-3.3."
name = "singledispatch"
optional = false
python-versions = "*"
version = "3.4.0.3"

[package.dependencies]
six = "*"

[[package]]
category = "main"
description = "Python 2 and 3 compatibility utilities"
name = "six"
optional = false
python-versions = ">=2.6, !=3.0.*, !=3.1.*"
version = "1.12.0"

[[package]]
category = "dev"
description = "This package provides 16 stemmer algorithms (15 + Poerter English stemmer) generated from Snowball algorithms."
name = "snowballstemmer"
optional = false
python-versions = "*"
version = "1.2.1"

[[package]]
category = "main"
description = "Simple, Pythonic text processing. Sentiment analysis, part-of-speech tagging, noun phrase parsing, and more."
name = "textblob"
optional = false
python-versions = "*"
version = "0.15.3"

[package.dependencies]
nltk = ">=3.1"

[[package]]
category = "main"
description = "HTTP library with thread-safe connection pooling, file post, and more."
name = "urllib3"
optional = false
python-versions = "*"
version = "1.22"

[[package]]
category = "main"
description = "Declarative parsing and validation of HTTP request objects, with built-in support for popular web frameworks, including Flask, Django, Bottle, Tornado, Pyramid, webapp2, Falcon, and aiohttp."
name = "webargs"
optional = false
python-versions = "*"
version = "5.2.0"

[package.dependencies]
marshmallow = ">=2.15.2"

[[package]]
category = "main"
description = "The comprehensive WSGI web application library."
name = "werkzeug"
optional = false
python-versions = ">=2.7, !=3.0.*, !=3.1.*, !=3.2.*, !=3.3.*"
version = "0.15.0"

[[package]]
category = "dev"
description = "Module for decorators, wrappers and monkey patching."
name = "wrapt"
optional = false
python-versions = "*"
version = "1.11.1"

[metadata]
content-hash = "17148ae80d839600ec453bba7d9220c5970271d5e7c6eab57185117891943f9d"
python-versions = ">=3.7"

[metadata.hashes]
apispec = ["9300142aa93e0c020e6b223a196cd2103ac4a61bcceea7dba894c0959b72e327", "bcfe21887ba7c6e94c4be00f10564478a0d9109bb8e574aae97442909fd69b31"]
args = ["a785b8d837625e9b61c39108532d95b85274acd679693b71ebb5156848fcf814"]
astroid = ["292fa429e69d60e4161e7612cb7cc8fa3609e2e309f80c224d93a76d5e7b58be", "c7013d119ec95eb626f7a2011f0b63d0c9a095df9ad06d8507b37084eada1a8d"]
autopep8 = ["33d2b5325b7e1afb4240814fe982eea3a92ebea712869bfd08b3c0393404248c"]
bcrypt = ["0ba875eb67b011add6d8c5b76afbd92166e98b1f1efab9433d5dc0fafc76e203", "21ed446054c93e209434148ef0b362432bb82bbdaf7beef70a32c221f3e33d1c", "28a0459381a8021f57230954b9e9a65bb5e3d569d2c253c5cac6cb181d71cf23", "2aed3091eb6f51c26b7c2fad08d6620d1c35839e7a362f706015b41bd991125e", "2fa5d1e438958ea90eaedbf8082c2ceb1a684b4f6c75a3800c6ec1e18ebef96f", "3a73f45484e9874252002793518da060fb11eaa76c30713faa12115db17d1430", "3e489787638a36bb466cd66780e15715494b6d6905ffdbaede94440d6d8e7dba", "44636759d222baa62806bbceb20e96f75a015a6381690d1bc2eda91c01ec02ea", "678c21b2fecaa72a1eded0cf12351b153615520637efcadc09ecf81b871f1596", "75460c2c3786977ea9768d6c9d8957ba31b5fbeb0aae67a5c0e96aab4155f18c", "8ac06fb3e6aacb0a95b56eba735c0b64df49651c6ceb1ad1cf01ba75070d567f", "8fdced50a8b646fff8fa0e4b1c5fd940ecc844b43d1da5a980cb07f2d1b1132f", "9b2c5b640a2da533b0ab5f148d87fb9989bf9bcb2e61eea6a729102a6d36aef9", "a9083e7fa9adb1a4de5ac15f9097eb15b04e2c8f97618f1b881af40abce382e1", "b7e3948b8b1a81c5a99d41da5fb2dc03ddb93b5f96fcd3fd27e643f91efa33e1", "b998b8ca979d906085f6a5d84f7b5459e5e94a13fc27c28a3514437013b6c2f6", "dd08c50bc6f7be69cd7ba0769acca28c846ec46b7a8ddc2acf4b9ac6f8a7457e", "de5badee458544ab8125e63e39afeedfcf3aef6a6e2282ac159c95ae7472d773", "ede2a87333d24f55a4a7338a6ccdccf3eaa9bed081d1737e0db4dbd1a4f7e6b6"]
cachetools = ["219b7dc6024195b6f2bc3d3f884d1fef458745cd323b04165378622dcc823852", "9efcc9fab3b49ab833475702b55edd5ae07af1af7a4c627678980b45e459c460"]
certifi = ["59b7658e26ca9c7339e00f8f4636cdfe59d34fa37b9b04f6f9e9926b3cece1a5", "b26104d6835d1f5e49452a26eb2ff87fe7090b89dfcaee5ea2212697e1e1d7ae"]
cffi = ["00b97afa72c233495560a0793cdc86c2571721b4271c0667addc83c417f3d90f", "0ba1b0c90f2124459f6966a10c03794082a2f3985cd699d7d63c4a8dae113e11", "0bffb69da295a4fc3349f2ec7cbe16b8ba057b0a593a92cbe8396e535244ee9d", "21469a2b1082088d11ccd79dd84157ba42d940064abbfa59cf5f024c19cf4891", "2e4812f7fa984bf1ab253a40f1f4391b604f7fc424a3e21f7de542a7f8f7aedf", "2eac2cdd07b9049dd4e68449b90d3ef1adc7c759463af5beb53a84f1db62e36c", "2f9089979d7456c74d21303c7851f158833d48fb265876923edcb2d0194104ed", "3dd13feff00bddb0bd2d650cdb7338f815c1789a91a6f68fdc00e5c5ed40329b", "4065c32b52f4b142f417af6f33a5024edc1336aa845b9d5a8d86071f6fcaac5a", "51a4ba1256e9003a3acf508e3b4f4661bebd015b8180cc31849da222426ef585", "59888faac06403767c0cf8cfb3f4a777b2939b1fbd9f729299b5384f097f05ea", "59c87886640574d8b14910840327f5cd15954e26ed0bbd4e7cef95fa5aef218f", "610fc7d6db6c56a244c2701575f6851461753c60f73f2de89c79bbf1cc807f33", "70aeadeecb281ea901bf4230c6222af0248c41044d6f57401a614ea59d96d145", "71e1296d5e66c59cd2c0f2d72dc476d42afe02aeddc833d8e05630a0551dad7a", "8fc7a49b440ea752cfdf1d51a586fd08d395ff7a5d555dc69e84b1939f7ddee3", "9b5c2afd2d6e3771d516045a6cfa11a8da9a60e3d128746a7fe9ab36dfe7221f", "9c759051ebcb244d9d55ee791259ddd158188d15adee3c152502d3b69005e6bd", "b4d1011fec5ec12aa7cc10c05a2f2f12dfa0adfe958e56ae38dc140614035804", "b4f1d6332339ecc61275bebd1f7b674098a66fea11a00c84d1c58851e618dc0d", "c030cda3dc8e62b814831faa4eb93dd9a46498af8cd1d5c178c2de856972fd92", "c2e1f2012e56d61390c0e668c20c4fb0ae667c44d6f6a2eeea5d7148dcd3df9f", "c37c77d6562074452120fc6c02ad86ec928f5710fbc435a181d69334b4de1d84", "c8149780c60f8fd02752d0429246088c6c04e234b895c4a42e1ea9b4de8d27fb", "cbeeef1dc3c4299bd746b774f019de9e4672f7cc666c777cd5b409f0b746dac7", "e113878a446c6228669144ae8a56e268c91b7f1fafae927adc4879d9849e0ea7", "e21162bf941b85c0cda08224dade5def9360f53b09f9f259adb85fc7dd0e7b35", "fb6934ef4744becbda3143d30c6604718871495a5e36c408431bf33d9c146889"]
chardet = ["84ab92ed1c4d4f16916e05906b6b75a6c0fb5db821cc65e70cbd64a3e2a5eaae", "fc323ffcaeaed0e0a02bf4d117757b98aed530d9ed4531e3e15460124c106691"]
click = ["2335065e6395b9e67ca716de5f7526736bfa6ceead690adf616d925bdc622b13", "5b94b49521f6456670fdb30cd82a4eca9412788a93fa6dd6df72c94d5a8ff2d7"]
clint = ["05224c32b1075563d0b16d0015faaf9da43aa214e4a2140e51f08789e7a4c5aa"]
colorama = ["05eed71e2e327246ad6b38c540c4a3117230b19679b875190486ddd2d721422d", "f8ac84de7840f5b9c4e3347b3c1eaa50f7e49c2b07596221daec5edaabbd7c48"]
coverage = ["00d464797a236f654337181af72b4baea3d35d056ca480e45e9163bb5df496b8", "0a90afa6f5ea08889da9066dca3ce2ef85d47587e3f66ca06a4fa8d3a0053acc", "0ba6c4345e3c197f6a3ba924d155c402ad28c080ac0d79529493eb17582fbc41", "2be3748f45d2eb0259c3c93abccc15c10725ef715bf0817a4c0a1a1dad2abc6a", "50727512afe77e044c7d7f2fd4cd0fe62b06527f965b335a810d956748e0514d", "6c2fd127cd4e2decb0ab41fe3ac2948b87ad2ea0470e24b4be5f7e7fdfef8df3", "6ed521ed3800d8f8911642b9b3c3891780a929db5e572c88c4713c1032530f82", "76a73a48a308fb87a4417d630b0345d36166f489ef17ea5aa8e4596fb50a2296", "7eaa0a33423476ed63317ee0a53cc07c0e36b5a390e3e95b95152e7eb6b3a6f6", "845d0f8a1765074b3256f07ddbce2969e5a5316dfd0eb3289137010d7677326a", "85b1275b6d7a61ccc8024a4e9a4c9e896394776edce1a5d075ec116f91925462", "8e60e720cad3ee6b0a32f475ae4040552c5623870a9ca0d3d4263faa89a8d96b", "93c50475f189cd226e9688b9897a0cd3c4c5d9c90b1733fa8f6445cfc0182c51", "94c1e66610807a7917d967ed6415b9d5fde7487ab2a07bb5e054567865ef6ef0", "964f86394cb4d0fd2bb40ffcddca321acf4323b48d1aa5a93db8b743c8a00f79", "99043494b28d6460035dd9410269cdb437ee460edc7f96f07ab45c57ba95e651", "addf63b5e39d573c459c3930b25176146395c1dc1afce4710067bb5e6dc4ea58", "af2f59ce312523c384a7826821cae0b95f320fee1751387abba4f00eed737166", "af6ed80340e5e1b89fa794f730ce7597651fbda3312e500002688b679c184ef9", "beb96d32ce8cfa47ec6433d95a33e4afaa97c19ac1b4a47ea40a424fedfee7c2", "c00bac0f6b35b82ace069a6a0d88e8fd4cd18d964fc5e47329cd02b212397fbe", "d079e36baceea9707fd50b268305654151011274494a33c608c075808920eda8", "d3188345f1c7161d701fd2ea9150f9bb6e2df890f3ddd6c0aea1f525e21d1544", "e65c78bde155a734f0d624647c4d6e0f47fb4875355a0b95c37d537788737f4f", "e813cba9ff0e3d37ad31dc127fac85d23f9a26d0461ef8042ac4539b2045e781", "e96c13a40df389ce8cbb5ec108e5fb834989d1bedff5d8846e5aa3d270a5f3b6", "ee2338539157cfc35fb1d6757dd799126804df39393c4a6c5fe88b402c8c0ab4"]
dnspython = ["36c5e8e38d4369a08b6780b7f27d790a292b2b08eea01607865bf0936c558e01", "f69c21288a962f4da86e56c4905b49d11aba7938d3d740e80d9e366ee4f1632d"]
dodgy = ["65e13cf878d7aff129f1461c13cb5fd1bb6dfe66bb5327e09379c3877763280c"]
doublex = ["bdfa5007ec6f93fcdb05683ef559dd7919b7fe217df41fd240f8d4b2f681ba21"]
doublex-expects = ["69bafcac049dc4f0a4d91b97e58344613f2671ea574494dbf75623fc73bdd7cd"]
elasticsearch = ["7546cc08e3899716e12fe67d12d7cfe9a64647014d1134b014c3c392b63cad42", "aada5cfdc4a543c47098eb3aca6663848ef5d04b4324935ced441debc11ec98b"]
eventlet = ["c584163e006e613707e224552fafc63e4e0aa31d7de0ab18b481ac0b385254c8", "d9d31a3c8dbcedbcce5859a919956d934685b17323fc80e1077cb344a2ffa68d"]
expects = ["419902ccafe81b7e9559eeb6b7a07ef9d5c5604eddb93000f0642b3b2d594f4c"]
flask = ["2271c0070dbcb5275fad4a82e29f23ab92682dc45f9dfbc22c02ba9b9322ce48", "a080b744b7e345ccfcbc77954861cb05b3c63786e93f2b3875e0913d44b43f05"]
flask-apispec = ["04a5e8f53db88953a9725f37f6a0da7d61ffcd36f43c078b149336460fe7d1be", "62f9a4b90dc9797ebdc8e2141e5282fe95a54ffa8545b40c1b5a3ac0b0c3d757"]
flask-bcrypt = ["d71c8585b2ee1c62024392ebdbc447438564e2c8c02b4e57b56a4cafd8d13c5f"]
flask-cors = ["7ad56ee3b90d4955148fc25a2ecaa1124fc84298471e266a7fea59aeac4405a5", "7e90bf225fdf163d11b84b59fb17594d0580a16b97ab4e1146b1fb2737c1cfec"]
flask-jwt-extended = ["68035dba637fd58c0f0b308e49103cba7f6977aa301d958ddbd7b811a91c6dec"]
flask-socketio = ["8d8f9f104db5ddff1b06ba322d8e158881d590144199c993fe26cf53218c7edd", "f9b9c95c82b62381862fd3bc55cea7fcc08e787f6bb63fdc79a2f258df2bdc9a"]
google-auth = ["0f7c6a64927d34c1a474da92cfc59e552a5d3b940d3266606c6a28b72888b9e4", "20705f6803fd2c4d1cc2dcb0df09d4dfcb9a7d51fd59e94a3a28231fd93119ed"]
google-auth-httplib2 = ["098fade613c25b4527b2c08fa42d11f3c2037dda8995d86de0745228e965d445", "f1c437842155680cf9918df9bc51c1182fda41feef88c34004bd1978c8157e08"]
google-auth-oauthlib = ["226d1d0960f86ba5d9efd426a70b291eaba96f47d071657e0254ea969025728a", "81ba22acada4d13b1d83f9371ab19fd61f1250a542d21cf49e4dcf0637a7344a"]
greenlet = ["000546ad01e6389e98626c1367be58efa613fa82a1be98b0c6fc24b563acc6d0", "0d48200bc50cbf498716712129eef819b1729339e34c3ae71656964dac907c28", "23d12eacffa9d0f290c0fe0c4e81ba6d5f3a5b7ac3c30a5eaf0126bf4deda5c8", "37c9ba82bd82eb6a23c2e5acc03055c0e45697253b2393c9a50cef76a3985304", "51503524dd6f152ab4ad1fbd168fc6c30b5795e8c70be4410a64940b3abb55c0", "8041e2de00e745c0e05a502d6e6db310db7faa7c979b3a5877123548a4c0b214", "81fcd96a275209ef117e9ec91f75c731fa18dcfd9ffaa1c0adbdaa3616a86043", "853da4f9563d982e4121fed8c92eea1a4594a2299037b3034c3c898cb8e933d6", "8b4572c334593d449113f9dc8d19b93b7b271bdbe90ba7509eb178923327b625", "9416443e219356e3c31f1f918a91badf2e37acf297e2fa13d24d1cc2380f8fbc", "9854f612e1b59ec66804931df5add3b2d5ef0067748ea29dc60f0efdcda9a638", "99a26afdb82ea83a265137a398f570402aa1f2b5dfb4ac3300c026931817b163", "a19bf883b3384957e4a4a13e6bd1ae3d85ae87f4beb5957e35b0be287f12f4e4", "a9f145660588187ff835c55a7d2ddf6abfc570c2651c276d3d4be8a2766db490", "ac57fcdcfb0b73bb3203b58a14501abb7e5ff9ea5e2edfa06bb03035f0cff248", "bcb530089ff24f6458a81ac3fa699e8c00194208a724b644ecc68422e1111939", "beeabe25c3b704f7d56b573f7d2ff88fc99f0138e43480cecdfcaa3b87fe4f87", "d634a7ea1fc3380ff96f9e44d8d22f38418c1c381d5fac680b272d7d90883720", "d97b0661e1aead761f0ded3b769044bb00ed5d33e1ec865e891a8b128bf7c656"]
gunicorn = ["aa8e0b40b4157b36a5df5e599f45c9c76d6af43845ba3b3b0efe2c70473c2471", "fa2662097c66f920f53f70621c6c58ca4a3c4d3434205e608e121b5b3b71f4f3"]
httplib2 = ["4ba6b8fd77d0038769bf3c33c9a96a6f752bc4cdf739701fdcaf210121f399d4"]
idna = ["c357b3f628cf53ae2c4c05627ecc484553142ca23264e593d327bcde5e9c3407", "ea8b7f6188e6fa117537c3df7da9fc686d485087abf6ac197f9c46432f7e4a3c"]
isort = ["18c796c2cd35eb1a1d3f012a214a542790a1aed95e29768bdcb9f2197eccbd0b", "96151fca2c6e736503981896495d344781b60d18bfda78dc11b290c6125ebdb6"]
itsdangerous = ["321b033d07f2a4136d3ec762eac9f16a10ccd60f53c0c91af90217ace7ba1f19", "b12271b2047cb23eeb98c8b5622e2e5c5e9abd9784a153e9d8ef9cb4dd09d749"]
jinja2 = ["74c935a1b8bb9a3947c50a54766a969d4846290e1e788ea44c1392163723c3bd", "f84be1bb0040caca4cea721fcbbbbd61f9be9464ca236387158b0feea01914a4"]
lazy-object-proxy = ["0ce34342b419bd8f018e6666bfef729aec3edf62345a53b537a4dcc115746a33", "1b668120716eb7ee21d8a38815e5eb3bb8211117d9a90b0f8e21722c0758cc39", "209615b0fe4624d79e50220ce3310ca1a9445fd8e6d3572a896e7f9146bbf019", "27bf62cb2b1a2068d443ff7097ee33393f8483b570b475db8ebf7e1cba64f088", "27ea6fd1c02dcc78172a82fc37fcc0992a94e4cecf53cb6d73f11749825bd98b", "2c1b21b44ac9beb0fc848d3993924147ba45c4ebc24be19825e57aabbe74a99e", "2df72ab12046a3496a92476020a1a0abf78b2a7db9ff4dc2036b8dd980203ae6", "320ffd3de9699d3892048baee45ebfbbf9388a7d65d832d7e580243ade426d2b", "50e3b9a464d5d08cc5227413db0d1c4707b6172e4d4d915c1c70e4de0bbff1f5", "5276db7ff62bb7b52f77f1f51ed58850e315154249aceb42e7f4c611f0f847ff", "61a6cf00dcb1a7f0c773ed4acc509cb636af2d6337a08f362413c76b2b47a8dd", "6ae6c4cb59f199d8827c5a07546b2ab7e85d262acaccaacd49b62f53f7c456f7", "7661d401d60d8bf15bb5da39e4dd72f5d764c5aff5a86ef52a042506e3e970ff", "7bd527f36a605c914efca5d3d014170b2cb184723e423d26b1fb2fd9108e264d", "7cb54db3535c8686ea12e9535eb087d32421184eacc6939ef15ef50f83a5e7e2", "7f3a2d740291f7f2c111d86a1c4851b70fb000a6c8883a59660d95ad57b9df35", "81304b7d8e9c824d058087dcb89144842c8e0dea6d281c031f59f0acf66963d4", "933947e8b4fbe617a51528b09851685138b49d511af0b6c0da2539115d6d4514", "94223d7f060301b3a8c09c9b3bc3294b56b2188e7d8179c762a1cda72c979252", "ab3ca49afcb47058393b0122428358d2fbe0408cf99f1b58b295cfeb4ed39109", "bd6292f565ca46dee4e737ebcc20742e3b5be2b01556dafe169f6c65d088875f", "cb924aa3e4a3fb644d0c463cad5bc2572649a6a3f68a7f8e4fbe44aaa6d77e4c", "d0fc7a286feac9077ec52a927fc9fe8fe2fabab95426722be4c953c9a8bede92", "ddc34786490a6e4ec0a855d401034cbd1242ef186c20d79d2166d6a4bd449577", "e34b155e36fa9da7e1b7c738ed7767fc9491a62ec6af70fe9da4a057759edc2d", "e5b9e8f6bda48460b7b143c3821b21b452cb3a835e6bbd5dd33aa0c8d3f5137d", "e81ebf6c5ee9684be8f2c87563880f93eedd56dd2b6146d8a725b50b7e5adb0f", "eb91be369f945f10d3a49f5f9be8b3d0b93a4c2be8f8a5b83b0571b8123e0a7a", "f460d1ceb0e4a5dcb2a652db0904224f367c9b3c1470d5a7683c0480e582468b"]
mamba = ["25328151ea94d97a0b461d7256dc7350c99b5f8d2de22d355978378edfeac545"]
markupsafe = ["00bc623926325b26bb9605ae9eae8a215691f33cae5df11ca5424f06f2d1f473", "09027a7803a62ca78792ad89403b1b7a73a01c8cb65909cd876f7fcebd79b161", "09c4b7f37d6c648cb13f9230d847adf22f8171b1ccc4d5682398e77f40309235", "1027c282dad077d0bae18be6794e6b6b8c91d58ed8a8d89a89d59693b9131db5", "24982cc2533820871eba85ba648cd53d8623687ff11cbb805be4ff7b4c971aff", "29872e92839765e546828bb7754a68c418d927cd064fd4708fab9fe9c8bb116b", "43a55c2930bbc139570ac2452adf3d70cdbb3cfe5912c71cdce1c2c6bbd9c5d1", "46c99d2de99945ec5cb54f23c8cd5689f6d7177305ebff350a58ce5f8de1669e", "500d4957e52ddc3351cabf489e79c91c17f6e0899158447047588650b5e69183", "535f6fc4d397c1563d08b88e485c3496cf5784e927af890fb3c3aac7f933ec66", "62fe6c95e3ec8a7fad637b7f3d372c15ec1caa01ab47926cfdf7a75b40e0eac1", "6dd73240d2af64df90aa7c4e7481e23825ea70af4b4922f8ede5b9e35f78a3b1", "717ba8fe3ae9cc0006d7c451f0bb265ee07739daf76355d06366154ee68d221e", "79855e1c5b8da654cf486b830bd42c06e8780cea587384cf6545b7d9ac013a0b", "7c1699dfe0cf8ff607dbdcc1e9b9af1755371f92a68f706051cc8c37d447c905", "88e5fcfb52ee7b911e8bb6d6aa2fd21fbecc674eadd44118a9cc3863f938e735", "8defac2f2ccd6805ebf65f5eeb132adcf2ab57aa11fdf4c0dd5169a004710e7d", "98c7086708b163d425c67c7a91bad6e466bb99d797aa64f965e9d25c12111a5e", "9add70b36c5666a2ed02b43b335fe19002ee5235efd4b8a89bfcf9005bebac0d", "9bf40443012702a1d2070043cb6291650a0841ece432556f784f004937f0f32c", "ade5e387d2ad0d7ebf59146cc00c8044acbd863725f887353a10df825fc8ae21", "b00c1de48212e4cc9603895652c5c410df699856a2853135b3967591e4beebc2", "b1282f8c00509d99fef04d8ba936b156d419be841854fe901d8ae224c59f0be5", "b2051432115498d3562c084a49bba65d97cf251f5a331c64a12ee7e04dacc51b", "ba59edeaa2fc6114428f1637ffff42da1e311e29382d81b339c1817d37ec93c6", "c8716a48d94b06bb3b2524c2b77e055fb313aeb4ea620c8dd03a105574ba704f", "cd5df75523866410809ca100dc9681e301e3c27567cf498077e8551b6d20e42f", "e249096428b3ae81b08327a63a485ad0878de3fb939049038579ac0ef61e17e7"]
marshmallow = ["01412e979b45c003aeb3632718780b15b01566ae0182cc9232434b30f6b85e1b", "8a1a2e13c6a621f4970faf21e5d9b146e451e779d0f334a96eae4fcdef53455f"]
mccabe = ["ab8a6258860da4b6677da4bd2fe5dc2c659cff31b3ee4f7f5d64e79735b80d42", "dd8d182285a0fe56bace7f45b5e7d1a6ebcbf524e8f3bd87eb0f125271b8831f"]
monotonic = ["23953d55076df038541e648a53676fb24980f7a1be290cdda21300b3bc21dfb0", "552a91f381532e33cbd07c6a2655a21908088962bb8fa7239ecbcc6ad1140cc7"]
neo4j-driver = ["6630ecf77db181430e9b1c8656a4a0ccb96b2354492b59bed42837d56e44b264"]
neomodel = ["2f7cd8aa60a0069d3cde4938581bfafc690d03820b48cf93aa727b6ec4bd923b"]
neotime = ["4e0477ba0f24e004de2fa79a3236de2bd941f20de0b5db8d976c52a86d7363eb"]
nltk = ["286f6797204ffdb52525a1d21ec0a221ec68b8e3fa4f2d25f412ac8e63c70e8d", "e51590c0bf2d9dcb7ce088b03e4f42c94e7cdd2a372c724320dfa8b19de77609"]
oauthlib = ["0ce32c5d989a1827e3f1148f98b9085ed2370fc939bf524c9c851d8714797298", "3e1e14f6cde7e5475128d30e97edc3bfb4dc857cb884d8714ec161fdbb3b358e"]
pep8 = ["b22cfae5db09833bb9bd7c8463b53e1a9c9b39f12e304a8d0bba729c501827ee", "fe249b52e20498e59e0b5c5256aa52ee99fc295b26ec9eaa85776ffdb9fe6374"]
pep8-naming = ["1b419fa45b68b61cd8c5daf4e0c96d28915ad14d3d5f35fcc1e7e95324a33a2e", "4eedfd4c4b05e48796f74f5d8628c068ff788b9c2b08471ad408007fc6450e5a"]
prospector = ["877d8d361a5c0e04c8587718c22c5d671afcf814945c96b3e592836d772943fd"]
pyasn1 = ["061442c60842f6d11051d4fdae9bc197b64bd41573a12234a753a0cb80b4f30b", "0ee2449bf4c4e535823acc25624c45a8b454f328d59d3f3eeb82d3567100b9bd", "5f9fb05c33e53b9a6ee3b1ed1d292043f83df465852bec876e93b47fd2df7eed", "65201d28e081f690a32401e6253cca4449ccacc8f3988e811fae66bd822910ee", "79b336b073a52fa3c3d8728e78fa56b7d03138ef59f44084de5f39650265b5ff", "8ec20f61483764de281e0b4aba7d12716189700debcfa9e7935780850bf527f3", "9458d0273f95d035de4c0d5e0643f25daba330582cc71bb554fe6969c015042a", "98d97a1833a29ca61cd04a60414def8f02f406d732f9f0bcb49f769faff1b699", "b00d7bfb6603517e189d1ad76967c7e805139f63e43096e5f871d1277f50aea5", "b06c0cfd708b806ea025426aace45551f91ea7f557e0c2d4fbd9a4b346873ce0", "d14d05984581770333731690f5453efd4b82e1e5d824a1d7976b868a2e5c38e8", "da2420fe13a9452d8ae97a0e478adde1dee153b11ba832a95b223a2ba01c10f7", "da6b43a8c9ae93bc80e2739efb38cc776ba74a886e3e9318d65fe81a8b8a2c6e"]
pyasn1-modules = ["136020f884635942239b33abdb63b1e0fdfb3c4bc8693f769ff1ab0908133a5b", "1c2ce0717e099620d7d425d2bb55e68f8126d77c8ba93112f0448a212048fe76", "39da883a45dfc71314c48bba772be63a13946d0dd6abde326df163656a7b13e1", "4160b0caedf8f1675ca7b94a65900d0219c715ac745cbc0c93557a9864b19748", "50c5f454c29bc8a7b8bfffc0fd00fed1f9012160b4532807a33c27af91747337", "52c46ecb2c1e7a03fe54dc8e11d6460ec7ebdcaedba3b0fe4ba2a811521df05f", "6db7a0510e55212b42a1f3e3553559eb214c8c8495e1018b4135d2bfb5a9169a", "79580acf813e3b7d6e69783884e6e83ac94bf4617b36a135b85c599d8a818a7b", "98e80b5ae1ed0d92694927a3e34df016c3b69b7bf439b32fc0a0dc516ec3653d", "9e879981cbf4c868a2267385a56837e0d384eab2d1690e6e0c8bba28d102509e", "a52090e8c5841ebbf08ae455146792d9ef3e8445b21055d3a3b7ed9c712b7c7c", "c00dad1d69d8592bbbc978f5beb3e992d3bf996e6b97eeec1c8608f81221d922", "c226b5c17683d98498e157d6ac0098b93f9c475da5bc50072f64bf3f3f6b828f"]
pycodestyle = ["74abc4e221d393ea5ce1f129ea6903209940c1ecd29e002e8c6933c2b21026e0", "cbc619d09254895b0d12c2c691e237b2e91e9b2ecf5e84c26b35400f93dcfb83", "cbfca99bd594a10f674d0cd97a3d802a1fdef635d4361e1a2658de47ed261e3a"]
pycparser = ["a988718abfad80b6b157acce7bf130a30876d27603738ac39f140993246b25b3"]
pydocstyle = ["2258f9b0df68b97bf3a6c29003edc5238ff8879f1efb6f1999988d934e432bd8", "5741c85e408f9e0ddf873611085e819b809fca90b619f5fd7f34bd4959da3dd4", "ed79d4ec5e92655eccc21eb0c6cf512e69512b4a97d215ace46d17e4990f2039"]
pyflakes = ["08bd6a50edf8cffa9fa09a463063c425ecaaf10d1eb0335a7e8b1401aef89e6f", "8d616a382f243dbf19b54743f280b80198be0bca3a5396f1d2e1fca6223e8805"]
pyhamcrest = ["6b672c02fdf7470df9674ab82263841ce8333fb143f32f021f6cb26f0e512420", "7a4bdade0ed98c699d728191a058a60a44d2f9c213c51e2dd1e6fb42f2c6128a", "8ffaa0a53da57e89de14ced7185ac746227a8894dbd5a3c718bf05ddbd1d56cd", "bac0bea7358666ce52e3c6c85139632ed89f115e9af52d44b3c36e0bf8cf16a9", "f30e9a310bcc1808de817a92e95169ffd16b60cbc5a016a49c8d0e8ababfae79"]
pyjwt = ["5c6eca3c2940464d106b99ba83b00c6add741c9becaec087fb7ccdefea71350e", "8d59a976fb773f3e6a39c85636357c4f0e242707394cadadd9814f5cbaa20e96"]
pylint = ["1d6d3622c94b4887115fe5204982eee66fdd8a951cf98635ee5caee6ec98c3ec", "31142f764d2a7cd41df5196f9933b12b7ee55e73ef12204b648ad7e556c119fb"]
pylint-celery = ["41e32094e7408d15c044178ea828dd524beedbdbe6f83f712c5e35bde1de4beb"]
pylint-django = ["5dc5f85caef2c5f9e61622b9cbd89d94edd3dcf546939b2974d18de4fa90d676", "bf313f10b68ed915a34f0f475cc9ff8c7f574a95302beb48b79c5993f7efd84c"]
pylint-flask = ["8fcdbb7cbf13d8c2ac1f2230b2aa1c1b83bb3ca2bd8b76f95561cb8757a305ec"]
pylint-plugin-utils = ["8d9e31d5ea8b7b0003e1f0f136b44a5235896a32e47c5bc2ef1143e9f6ba0b74"]
python-coveralls = ["1748272081e0fc21e2c20c12e5bd18cb13272db1b130758df0d473da0cb31087", "736dda01f64beda240e1500d5f264b969495b05fcb325c7c0eb7ebbfd1210b70"]
python-dotenv = ["a84569d0e00d178bc5b957f7ff208bf49287cbf61857c31c258c4a91f571527b", "c9b1ddd3cdbe75c7d462cb84674d87130f4b948f090f02c7d7144779afb99ae0"]
python-engineio = ["5bd0a3671365f933b1413aa2ea58bf3ac5acf849c949dfd5192322c7a974a42e", "b2756ce53076163eb24f59c1d1a903ac72f071ad4fb7b3ef6dab1b1b9ae9a44f"]
python-socketio = ["aa702157694d55a743fb6f1cc0bd1af58fbfda8a7d71d747d4b12d6dac29cab3", "cd225eb0bb3b348665727cfaafad1e455ee13b8fd9ea9ff2691082b88b9a9444"]
pytz = ["32b0891edff07e28efe91284ed9c31e123d84bea3fd98e1f72be2508f43ef8d9", "d5f05e487007e29e03409f9398d074e158d920d36eb82eaf66fb1136b0c5374c"]
pyyaml = ["1adecc22f88d38052fb787d959f003811ca858b799590a5eaa70e63dca50308c", "436bc774ecf7c103814098159fbb84c2715d25980175292c648f2da143909f95", "460a5a4248763f6f37ea225d19d5c205677d8d525f6a83357ca622ed541830c2", "5a22a9c84653debfbf198d02fe592c176ea548cccce47553f35f466e15cf2fd4", "7a5d3f26b89d688db27822343dfa25c599627bc92093e788956372285c6298ad", "9372b04a02080752d9e6f990179a4ab840227c6e2ce15b95e1278456664cf2ba", "a5dcbebee834eaddf3fa7366316b880ff4062e4bcc9787b78c7fbb4a26ff2dd1", "aee5bab92a176e7cd034e57f46e9df9a9862a71f8f37cad167c6fc74c65f5b4e", "c51f642898c0bacd335fc119da60baae0824f2cde95b0330b56c0553439f0673", "c68ea4d3ba1705da1e0d85da6684ac657912679a649e8868bd850d2c299cce13", "e23d0cc5299223dcc37885dae624f382297717e459ea24053709675a976a3e19"]
requests = ["502a824f31acdacb3a35b6690b5fbf0bc41d63a24a45c4004352b0242707598e", "7bf2a778576d825600030a110f3c0e3e8edc51dfaafe1c146e39a2027784957b"]
requests-oauthlib = ["bd6533330e8748e94bf0b214775fed487d309b8b8fe823dc45641ebcd9a32f57", "d3ed0c8f2e3bbc6b344fa63d6f933745ab394469da38db16bdddb461c7e25140", "dd5a0499abfefd087c6dd96693cbd5bfd28aa009719a7f85ab3fabe3956ef19a"]
requirements-detector = ["9fbc4b24e8b7c3663aff32e3eba34596848c6b91bd425079b386973bd8d08931"]
rope = ["031eb54b3eeec89f4304ede816995ed2b93a21e6fba16bd02aff10a0d6c257b7"]
rsa = ["14ba45700ff1ec9eeb206a2ce76b32814958a98e372006c8fb76ba820211be66", "1a836406405730121ae9823e19c6e806c62bbad73f890574fff50efa4122c487"]
setoptconf = ["5b0b5d8e0077713f5d5152d4f63be6f048d9a1bb66be15d089a11c898c3cf49c"]
shovel = ["1ff63f91711ba274096d35b681d3c073d7a33ba6c0de2e74467fbb53d9a13dde"]
singledispatch = ["5b06af87df13818d14f08a028e42f566640aef80805c3b50c5056b086e3c2b9c", "833b46966687b3de7f438c761ac475213e53b306740f1abfaa86e1d1aae56aa8"]
six = ["3350809f0555b11f552448330d0b52d5f24c91a322ea4a15ef22629740f3761c", "d16a0141ec1a18405cd4ce8b4613101da75da0e9a7aec5bdd4fa804d0e0eba73"]
snowballstemmer = ["919f26a68b2c17a7634da993d91339e288964f93c274f1343e3bbbe2096e1128", "9f3bcd3c401c3e862ec0ebe6d2c069ebc012ce142cce209c098ccb5b09136e89"]
textblob = ["7ff3c00cb5a85a30132ee6768b8c68cb2b9d76432fec18cd1b3ffe2f8594ec8c", "b0eafd8b129c9b196c8128056caed891d64b7fa20ba570e1fcde438f4f7dd312"]
urllib3 = ["06330f386d6e4b195fbfc736b297f58c5a892e4440e54d294d7004e3a9bbea1b", "cc44da8e1145637334317feebd728bd869a35285b93cbb4cca2577da7e62db4f"]
webargs = ["15ddf90d7bfe05c9db87c9f22215cacc1228da98a8e7bd62508d9d8020935123", "75c568581af6ef6345156fc8621a7735ce6846bf9d7ec058aa6ea9cc3a620580", "e2381557f0a5e4db37dbbddc2833b0f3aa6dca58b5ced4ca6b14620f685a643f"]
werkzeug = ["590abe38f8be026d78457fe3b5200895b3543e58ac3fc1dd792c6333ea11af64", "ee11b0f0640c56fb491b43b38356c4b588b3202b415a1e03eacf1c5561c961cf"]
wrapt = ["4aea003270831cceb8a90ff27c4031da6ead7ec1886023b80ce0dfe0adf61533"]
